// !$*UTF8*$!
{
	archiveVersion = 1;
	classes = {
	};
	objectVersion = 46;
	objects = {

/* Begin PBXBuildFile section */
		1FBCEDA21DB84ED800FEE3EF /* MainListTableViewController.swift in Sources */ = {isa = PBXBuildFile; fileRef = 1FBCEDA11DB84ED800FEE3EF /* MainListTableViewController.swift */; };
		1FBCEDA41DB84F8500FEE3EF /* MainListTableViewCell.swift in Sources */ = {isa = PBXBuildFile; fileRef = 1FBCEDA31DB84F8500FEE3EF /* MainListTableViewCell.swift */; };
		1FBCEDA61DB8536E00FEE3EF /* RideObject.swift in Sources */ = {isa = PBXBuildFile; fileRef = 1FBCEDA51DB8536E00FEE3EF /* RideObject.swift */; };
		1FDD72161DD2484800F3FF55 /* MainScreenViewController.swift in Sources */ = {isa = PBXBuildFile; fileRef = 1FDD72151DD2484800F3FF55 /* MainScreenViewController.swift */; };
		1FE39AE11DAAC6C2006A6EC1 /* AppDelegate.swift in Sources */ = {isa = PBXBuildFile; fileRef = 1FE39AE01DAAC6C2006A6EC1 /* AppDelegate.swift */; };
		1FE39AE61DAAC6C2006A6EC1 /* Main.storyboard in Resources */ = {isa = PBXBuildFile; fileRef = 1FE39AE41DAAC6C2006A6EC1 /* Main.storyboard */; };
		1FE39AE91DAAC6C2006A6EC1 /* Urider.xcdatamodeld in Sources */ = {isa = PBXBuildFile; fileRef = 1FE39AE71DAAC6C2006A6EC1 /* Urider.xcdatamodeld */; };
		1FE39AEB1DAAC6C2006A6EC1 /* Assets.xcassets in Resources */ = {isa = PBXBuildFile; fileRef = 1FE39AEA1DAAC6C2006A6EC1 /* Assets.xcassets */; };
		1FE39AEE1DAAC6C2006A6EC1 /* LaunchScreen.storyboard in Resources */ = {isa = PBXBuildFile; fileRef = 1FE39AEC1DAAC6C2006A6EC1 /* LaunchScreen.storyboard */; };
		1FE39AF81DAAD279006A6EC1 /* LoginInViewController.swift in Sources */ = {isa = PBXBuildFile; fileRef = 1FE39AF71DAAD279006A6EC1 /* LoginInViewController.swift */; };
/* End PBXBuildFile section */

/* Begin PBXFileReference section */
		1FBCEDA11DB84ED800FEE3EF /* MainListTableViewController.swift */ = {isa = PBXFileReference; fileEncoding = 4; lastKnownFileType = sourcecode.swift; path = MainListTableViewController.swift; sourceTree = "<group>"; };
		1FBCEDA31DB84F8500FEE3EF /* MainListTableViewCell.swift */ = {isa = PBXFileReference; fileEncoding = 4; lastKnownFileType = sourcecode.swift; path = MainListTableViewCell.swift; sourceTree = "<group>"; };
		1FBCEDA51DB8536E00FEE3EF /* RideObject.swift */ = {isa = PBXFileReference; fileEncoding = 4; lastKnownFileType = sourcecode.swift; path = RideObject.swift; sourceTree = "<group>"; };
		1FDD72151DD2484800F3FF55 /* MainScreenViewController.swift */ = {isa = PBXFileReference; fileEncoding = 4; lastKnownFileType = sourcecode.swift; path = MainScreenViewController.swift; sourceTree = "<group>"; };
		1FE39ADD1DAAC6C2006A6EC1 /* Urider.app */ = {isa = PBXFileReference; explicitFileType = wrapper.application; includeInIndex = 0; path = Urider.app; sourceTree = BUILT_PRODUCTS_DIR; };
		1FE39AE01DAAC6C2006A6EC1 /* AppDelegate.swift */ = {isa = PBXFileReference; lastKnownFileType = sourcecode.swift; path = AppDelegate.swift; sourceTree = "<group>"; };
		1FE39AE51DAAC6C2006A6EC1 /* Base */ = {isa = PBXFileReference; lastKnownFileType = file.storyboard; name = Base; path = Base.lproj/Main.storyboard; sourceTree = "<group>"; };
		1FE39AE81DAAC6C2006A6EC1 /* Urider.xcdatamodel */ = {isa = PBXFileReference; lastKnownFileType = wrapper.xcdatamodel; path = Urider.xcdatamodel; sourceTree = "<group>"; };
		1FE39AEA1DAAC6C2006A6EC1 /* Assets.xcassets */ = {isa = PBXFileReference; lastKnownFileType = folder.assetcatalog; path = Assets.xcassets; sourceTree = "<group>"; };
		1FE39AED1DAAC6C2006A6EC1 /* Base */ = {isa = PBXFileReference; lastKnownFileType = file.storyboard; name = Base; path = Base.lproj/LaunchScreen.storyboard; sourceTree = "<group>"; };
		1FE39AEF1DAAC6C2006A6EC1 /* Info.plist */ = {isa = PBXFileReference; lastKnownFileType = text.plist.xml; path = Info.plist; sourceTree = "<group>"; };
		1FE39AF71DAAD279006A6EC1 /* LoginInViewController.swift */ = {isa = PBXFileReference; fileEncoding = 4; lastKnownFileType = sourcecode.swift; path = LoginInViewController.swift; sourceTree = "<group>"; };
/* End PBXFileReference section */

/* Begin PBXFrameworksBuildPhase section */
		1FE39ADA1DAAC6C2006A6EC1 /* Frameworks */ = {
			isa = PBXFrameworksBuildPhase;
			buildActionMask = 2147483647;
			files = (
			);
			runOnlyForDeploymentPostprocessing = 0;
		};
/* End PBXFrameworksBuildPhase section */

/* Begin PBXGroup section */
		1FE39AD41DAAC6C2006A6EC1 = {
			isa = PBXGroup;
			children = (
				1FE39ADF1DAAC6C2006A6EC1 /* Urider */,
				1FE39ADE1DAAC6C2006A6EC1 /* Products */,
			);
			sourceTree = "<group>";
		};
		1FE39ADE1DAAC6C2006A6EC1 /* Products */ = {
			isa = PBXGroup;
			children = (
				1FE39ADD1DAAC6C2006A6EC1 /* Urider.app */,
			);
			name = Products;
			sourceTree = "<group>";
		};
		1FE39ADF1DAAC6C2006A6EC1 /* Urider */ = {
			isa = PBXGroup;
			children = (
				1FE39AE01DAAC6C2006A6EC1 /* AppDelegate.swift */,
				1FE39AF71DAAD279006A6EC1 /* LoginInViewController.swift */,
				1FE39AE41DAAC6C2006A6EC1 /* Main.storyboard */,
				1FE39AEA1DAAC6C2006A6EC1 /* Assets.xcassets */,
				1FE39AEC1DAAC6C2006A6EC1 /* LaunchScreen.storyboard */,
				1FE39AEF1DAAC6C2006A6EC1 /* Info.plist */,
				1FE39AE71DAAC6C2006A6EC1 /* Urider.xcdatamodeld */,
				1FBCEDA11DB84ED800FEE3EF /* MainListTableViewController.swift */,
				1FBCEDA31DB84F8500FEE3EF /* MainListTableViewCell.swift */,
				1FBCEDA51DB8536E00FEE3EF /* RideObject.swift */,
				1FDD72151DD2484800F3FF55 /* MainScreenViewController.swift */,
			);
			path = Urider;
			sourceTree = "<group>";
		};
/* End PBXGroup section */

/* Begin PBXNativeTarget section */
		1FE39ADC1DAAC6C2006A6EC1 /* Urider */ = {
			isa = PBXNativeTarget;
			buildConfigurationList = 1FE39AF21DAAC6C2006A6EC1 /* Build configuration list for PBXNativeTarget "Urider" */;
			buildPhases = (
				1FE39AD91DAAC6C2006A6EC1 /* Sources */,
				1FE39ADA1DAAC6C2006A6EC1 /* Frameworks */,
				1FE39ADB1DAAC6C2006A6EC1 /* Resources */,
			);
			buildRules = (
			);
			dependencies = (
			);
			name = Urider;
			productName = Urider;
			productReference = 1FE39ADD1DAAC6C2006A6EC1 /* Urider.app */;
			productType = "com.apple.product-type.application";
		};
/* End PBXNativeTarget section */

/* Begin PBXProject section */
		1FE39AD51DAAC6C2006A6EC1 /* Project object */ = {
			isa = PBXProject;
			attributes = {
				LastSwiftUpdateCheck = 0800;
				LastUpgradeCheck = 0800;
				ORGANIZATIONNAME = "Jeffery Cui";
				TargetAttributes = {
					1FE39ADC1DAAC6C2006A6EC1 = {
						CreatedOnToolsVersion = 8.0;
						DevelopmentTeam = YT2B2C86Y7;
						ProvisioningStyle = Automatic;
					};
				};
			};
			buildConfigurationList = 1FE39AD81DAAC6C2006A6EC1 /* Build configuration list for PBXProject "Urider" */;
			compatibilityVersion = "Xcode 3.2";
			developmentRegion = English;
			hasScannedForEncodings = 0;
			knownRegions = (
				en,
				Base,
			);
			mainGroup = 1FE39AD41DAAC6C2006A6EC1;
			productRefGroup = 1FE39ADE1DAAC6C2006A6EC1 /* Products */;
			projectDirPath = "";
			projectRoot = "";
			targets = (
				1FE39ADC1DAAC6C2006A6EC1 /* Urider */,
			);
		};
/* End PBXProject section */

/* Begin PBXResourcesBuildPhase section */
		1FE39ADB1DAAC6C2006A6EC1 /* Resources */ = {
			isa = PBXResourcesBuildPhase;
			buildActionMask = 2147483647;
			files = (
				1FE39AEE1DAAC6C2006A6EC1 /* LaunchScreen.storyboard in Resources */,
				1FE39AEB1DAAC6C2006A6EC1 /* Assets.xcassets in Resources */,
				1FE39AE61DAAC6C2006A6EC1 /* Main.storyboard in Resources */,
			);
			runOnlyForDeploymentPostprocessing = 0;
		};
/* End PBXResourcesBuildPhase section */

/* Begin PBXSourcesBuildPhase section */
		1FE39AD91DAAC6C2006A6EC1 /* Sources */ = {
			isa = PBXSourcesBuildPhase;
			buildActionMask = 2147483647;
			files = (
				1FBCEDA21DB84ED800FEE3EF /* MainListTableViewController.swift in Sources */,
				1FE39AF81DAAD279006A6EC1 /* LoginInViewController.swift in Sources */,
				1FDD72161DD2484800F3FF55 /* MainScreenViewController.swift in Sources */,
				1FE39AE91DAAC6C2006A6EC1 /* Urider.xcdatamodeld in Sources */,
				1FE39AE11DAAC6C2006A6EC1 /* AppDelegate.swift in Sources */,
				1FBCEDA61DB8536E00FEE3EF /* RideObject.swift in Sources */,
				1FBCEDA41DB84F8500FEE3EF /* MainListTableViewCell.swift in Sources */,
			);
			runOnlyForDeploymentPostprocessing = 0;
		};
/* End PBXSourcesBuildPhase section */

/* Begin PBXVariantGroup section */
		1FE39AE41DAAC6C2006A6EC1 /* Main.storyboard */ = {
			isa = PBXVariantGroup;
			children = (
				1FE39AE51DAAC6C2006A6EC1 /* Base */,
			);
			name = Main.storyboard;
			sourceTree = "<group>";
		};
		1FE39AEC1DAAC6C2006A6EC1 /* LaunchScreen.storyboard */ = {
			isa = PBXVariantGroup;
			children = (
				1FE39AED1DAAC6C2006A6EC1 /* Base */,
			);
			name = LaunchScreen.storyboard;
			sourceTree = "<group>";
		};
/* End PBXVariantGroup section */

/* Begin XCBuildConfiguration section */
		1FE39AF01DAAC6C2006A6EC1 /* Debug */ = {
			isa = XCBuildConfiguration;
			buildSettings = {
				ALWAYS_SEARCH_USER_PATHS = NO;
				CLANG_ANALYZER_NONNULL = YES;
				CLANG_CXX_LANGUAGE_STANDARD = "gnu++0x";
				CLANG_CXX_LIBRARY = "libc++";
				CLANG_ENABLE_MODULES = YES;
				CLANG_ENABLE_OBJC_ARC = YES;
				CLANG_WARN_BOOL_CONVERSION = YES;
				CLANG_WARN_CONSTANT_CONVERSION = YES;
				CLANG_WARN_DIRECT_OBJC_ISA_USAGE = YES_ERROR;
				CLANG_WARN_DOCUMENTATION_COMMENTS = YES;
				CLANG_WARN_EMPTY_BODY = YES;
				CLANG_WARN_ENUM_CONVERSION = YES;
				CLANG_WARN_INFINITE_RECURSION = YES;
				CLANG_WARN_INT_CONVERSION = YES;
				CLANG_WARN_OBJC_ROOT_CLASS = YES_ERROR;
				CLANG_WARN_SUSPICIOUS_MOVES = YES;
				CLANG_WARN_UNREACHABLE_CODE = YES;
				CLANG_WARN__DUPLICATE_METHOD_MATCH = YES;
				"CODE_SIGN_IDENTITY[sdk=iphoneos*]" = "iPhone Developer";
				COPY_PHASE_STRIP = NO;
				DEBUG_INFORMATION_FORMAT = dwarf;
				ENABLE_STRICT_OBJC_MSGSEND = YES;
				ENABLE_TESTABILITY = YES;
				GCC_C_LANGUAGE_STANDARD = gnu99;
				GCC_DYNAMIC_NO_PIC = NO;
				GCC_NO_COMMON_BLOCKS = YES;
				GCC_OPTIMIZATION_LEVEL = 0;
				GCC_PREPROCESSOR_DEFINITIONS = (
					"DEBUG=1",
					"$(inherited)",
				);
				GCC_WARN_64_TO_32_BIT_CONVERSION = YES;
				GCC_WARN_ABOUT_RETURN_TYPE = YES_ERROR;
				GCC_WARN_UNDECLARED_SELECTOR = YES;
				GCC_WARN_UNINITIALIZED_AUTOS = YES_AGGRESSIVE;
				GCC_WARN_UNUSED_FUNCTION = YES;
				GCC_WARN_UNUSED_VARIABLE = YES;
				IPHONEOS_DEPLOYMENT_TARGET = 10.0;
				MTL_ENABLE_DEBUG_INFO = YES;
				ONLY_ACTIVE_ARCH = YES;
				SDKROOT = iphoneos;
				SWIFT_ACTIVE_COMPILATION_CONDITIONS = DEBUG;
				SWIFT_OPTIMIZATION_LEVEL = "-Onone";
			};
			name = Debug;
		};
		1FE39AF11DAAC6C2006A6EC1 /* Release */ = {
			isa = XCBuildConfiguration;
			buildSettings = {
				ALWAYS_SEARCH_USER_PATHS = NO;
				CLANG_ANALYZER_NONNULL = YES;
				CLANG_CXX_LANGUAGE_STANDARD = "gnu++0x";
				CLANG_CXX_LIBRARY = "libc++";
				CLANG_ENABLE_MODULES = YES;
				CLANG_ENABLE_OBJC_ARC = YES;
				CLANG_WARN_BOOL_CONVERSION = YES;
				CLANG_WARN_CONSTANT_CONVERSION = YES;
				CLANG_WARN_DIRECT_OBJC_ISA_USAGE = YES_ERROR;
				CLANG_WARN_DOCUMENTATION_COMMENTS = YES;
				CLANG_WARN_EMPTY_BODY = YES;
				CLANG_WARN_ENUM_CONVERSION = YES;
				CLANG_WARN_INFINITE_RECURSION = YES;
				CLANG_WARN_INT_CONVERSION = YES;
				CLANG_WARN_OBJC_ROOT_CLASS = YES_ERROR;
				CLANG_WARN_SUSPICIOUS_MOVES = YES;
				CLANG_WARN_UNREACHABLE_CODE = YES;
				CLANG_WARN__DUPLICATE_METHOD_MATCH = YES;
				"CODE_SIGN_IDENTITY[sdk=iphoneos*]" = "iPhone Developer";
				COPY_PHASE_STRIP = NO;
				DEBUG_INFORMATION_FORMAT = "dwarf-with-dsym";
				ENABLE_NS_ASSERTIONS = NO;
				ENABLE_STRICT_OBJC_MSGSEND = YES;
				GCC_C_LANGUAGE_STANDARD = gnu99;
				GCC_NO_COMMON_BLOCKS = YES;
				GCC_WARN_64_TO_32_BIT_CONVERSION = YES;
				GCC_WARN_ABOUT_RETURN_TYPE = YES_ERROR;
				GCC_WARN_UNDECLARED_SELECTOR = YES;
				GCC_WARN_UNINITIALIZED_AUTOS = YES_AGGRESSIVE;
				GCC_WARN_UNUSED_FUNCTION = YES;
				GCC_WARN_UNUSED_VARIABLE = YES;
				IPHONEOS_DEPLOYMENT_TARGET = 10.0;
				MTL_ENABLE_DEBUG_INFO = NO;
				SDKROOT = iphoneos;
				SWIFT_OPTIMIZATION_LEVEL = "-Owholemodule";
				VALIDATE_PRODUCT = YES;
			};
			name = Release;
		};
		1FE39AF31DAAC6C2006A6EC1 /* Debug */ = {
			isa = XCBuildConfiguration;
			buildSettings = {
				ASSETCATALOG_COMPILER_APPICON_NAME = AppIcon;
				DEVELOPMENT_TEAM = YT2B2C86Y7;
				INFOPLIST_FILE = Urider/Info.plist;
				LD_RUNPATH_SEARCH_PATHS = "$(inherited) @executable_path/Frameworks";
				PRODUCT_BUNDLE_IDENTIFIER = com.Cuiver.Urider;
				PRODUCT_NAME = "$(TARGET_NAME)";
				SWIFT_VERSION = 3.0;
			};
			name = Debug;
		};
		1FE39AF41DAAC6C2006A6EC1 /* Release */ = {
			isa = XCBuildConfiguration;
			buildSettings = {
				ASSETCATALOG_COMPILER_APPICON_NAME = AppIcon;
				DEVELOPMENT_TEAM = YT2B2C86Y7;
				INFOPLIST_FILE = Urider/Info.plist;
				LD_RUNPATH_SEARCH_PATHS = "$(inherited) @executable_path/Frameworks";
				PRODUCT_BUNDLE_IDENTIFIER = com.Cuiver.Urider;
				PRODUCT_NAME = "$(TARGET_NAME)";
				SWIFT_VERSION = 3.0;
			};
			name = Release;
		};
/* End XCBuildConfiguration section */

/* Begin XCConfigurationList section */
		1FE39AD81DAAC6C2006A6EC1 /* Build configuration list for PBXProject "Urider" */ = {
			isa = XCConfigurationList;
			buildConfigurations = (
				1FE39AF01DAAC6C2006A6EC1 /* Debug */,
				1FE39AF11DAAC6C2006A6EC1 /* Release */,
			);
			defaultConfigurationIsVisible = 0;
			defaultConfigurationName = Release;
		};
		1FE39AF21DAAC6C2006A6EC1 /* Build configuration list for PBXNativeTarget "Urider" */ = {
			isa = XCConfigurationList;
			buildConfigurations = (
				1FE39AF31DAAC6C2006A6EC1 /* Debug */,
				1FE39AF41DAAC6C2006A6EC1 /* Release */,
			);
			defaultConfigurationIsVisible = 0;
			defaultConfigurationName = Release;
		};
/* End XCConfigurationList section */

/* Begin XCVersionGroup section */
		1FE39AE71DAAC6C2006A6EC1 /* Urider.xcdatamodeld */ = {
			isa = XCVersionGroup;
			children = (
				1FE39AE81DAAC6C2006A6EC1 /* Urider.xcdatamodel */,
			);
			currentVersion = 1FE39AE81DAAC6C2006A6EC1 /* Urider.xcdatamodel */;
			path = Urider.xcdatamodeld;
			sourceTree = "<group>";
			versionGroupType = wrapper.xcdatamodel;
		};
/* End XCVersionGroup section */
	};
	rootObject = 1FE39AD51DAAC6C2006A6EC1 /* Project object */;
}
